
Microsoft Visual Studio Solution File, Format Version 12.00
# Visual Studio 2012
Project("{FAE04EC0-301F-11D3-BF4B-00C04F79EFBC}") = "AnswerEntity", "AnswerEntity\AnswerEntity.csproj", "{6F2CB9AA-4BCC-46E7-BC69-FCB249A26326}"
EndProject
Project("{FAE04EC0-301F-11D3-BF4B-00C04F79EFBC}") = "DBHelp", "DBHelp\DBHelp.csproj", "{027C4A68-D0CC-43EB-9738-63A63F655AD8}"
EndProject
Project("{FAE04EC0-301F-11D3-BF4B-00C04F79EFBC}") = "AnswerServices", "AnswerServices\AnswerServices.csproj", "{EA0EDFA6-E9AF-42B8-9757-DC9F725822FB}"
EndProject
Project("{FAE04EC0-301F-11D3-BF4B-00C04F79EFBC}") = "HelpUtil", "HelpUtil\HelpUtil.csproj", "{D84B3494-5C98-4D06-A2D5-84C09EF350EB}"
EndProject
Global
	GlobalSection(SolutionConfigurationPlatforms) = preSolution
		Debug|Any CPU = Debug|Any CPU
		Release|Any CPU = Release|Any CPU
	EndGlobalSection
	GlobalSection(ProjectConfigurationPlatforms) = postSolution
		{6F2CB9AA-4BCC-46E7-BC69-FCB249A26326}.Debug|Any CPU.ActiveCfg = Debug|Any CPU
		{6F2CB9AA-4BCC-46E7-BC69-FCB249A26326}.Debug|Any CPU.Build.0 = Debug|Any CPU
		{6F2CB9AA-4BCC-46E7-BC69-FCB249A26326}.Release|Any CPU.ActiveCfg = Release|Any CPU
		{6F2CB9AA-4BCC-46E7-BC69-FCB249A26326}.Release|Any CPU.Build.0 = Release|Any CPU
		{027C4A68-D0CC-43EB-9738-63A63F655AD8}.Debug|Any CPU.ActiveCfg = Debug|Any CPU
		{027C4A68-D0CC-43EB-9738-63A63F655AD8}.Debug|Any CPU.Build.0 = Debug|Any CPU
		{027C4A68-D0CC-43EB-9738-63A63F655AD8}.Release|Any CPU.ActiveCfg = Release|Any CPU
		{027C4A68-D0CC-43EB-9738-63A63F655AD8}.Release|Any CPU.Build.0 = Release|Any CPU
		{EA0EDFA6-E9AF-42B8-9757-DC9F725822FB}.Debug|Any CPU.ActiveCfg = Debug|Any CPU
		{EA0EDFA6-E9AF-42B8-9757-DC9F725822FB}.Debug|Any CPU.Build.0 = Debug|Any CPU
		{EA0EDFA6-E9AF-42B8-9757-DC9F725822FB}.Release|Any CPU.ActiveCfg = Release|Any CPU
		{EA0EDFA6-E9AF-42B8-9757-DC9F725822FB}.Release|Any CPU.Build.0 = Release|Any CPU
		{D84B3494-5C98-4D06-A2D5-84C09EF350EB}.Debug|Any CPU.ActiveCfg = Debug|Any CPU
		{D84B3494-5C98-4D06-A2D5-84C09EF350EB}.Debug|Any CPU.Build.0 = Debug|Any CPU
		{D84B3494-5C98-4D06-A2D5-84C09EF350EB}.Release|Any CPU.ActiveCfg = Release|Any CPU
		{D84B3494-5C98-4D06-A2D5-84C09EF350EB}.Release|Any CPU.Build.0 = Release|Any CPU
	EndGlobalSection
	GlobalSection(SolutionProperties) = preSolution
		HideSolutionNode = FALSE
	EndGlobalSection
EndGlobal
